
Microsoft Visual Studio Solution File, Format Version 12.00
# Visual Studio Version 17
VisualStudioVersion = 17.11.35219.272
MinimumVisualStudioVersion = 10.0.40219.1
Project("{FAE04EC0-301F-11D3-BF4B-00C04F79EFBC}") = "TripLogApp_KeeganCorbyn_Assignment3", "TripLogApp_KeeganCorbyn_Assignment3.csproj", "{B2D2395E-8444-4559-9FFE-932D324CF320}"
EndProject
Global
	GlobalSection(SolutionConfigurationPlatforms) = preSolution
		Debug|Any CPU = Debug|Any CPU
		Release|Any CPU = Release|Any CPU
	EndGlobalSection
	GlobalSection(ProjectConfigurationPlatforms) = postSolution
		{B2D2395E-8444-4559-9FFE-932D324CF320}.Debug|Any CPU.ActiveCfg = Debug|Any CPU
		{B2D2395E-8444-4559-9FFE-932D324CF320}.Debug|Any CPU.Build.0 = Debug|Any CPU
		{B2D2395E-8444-4559-9FFE-932D324CF320}.Release|Any CPU.ActiveCfg = Release|Any CPU
		{B2D2395E-8444-4559-9FFE-932D324CF320}.Release|Any CPU.Build.0 = Release|Any CPU
	EndGlobalSection
	GlobalSection(SolutionProperties) = preSolution
		HideSolutionNode = FALSE
	EndGlobalSection
	GlobalSection(ExtensibilityGlobals) = postSolution
		SolutionGuid = {E9318BE0-7422-4E2E-BECA-DA56156DD222}
	EndGlobalSection
EndGlobal
